{
  "name": "PuzzleHunt",
  "lockfileVersion": 3,
  "requires": true,
  "packages": {
    "": {
      "dependencies": {
        "tone": "^14.7.77",
        "vexflow": "^4.2.3"
      }
    },
    "node_modules/@babel/runtime": {
      "version": "7.24.4",
      "resolved": "https://registry.npmjs.org/@babel/runtime/-/runtime-7.24.4.tgz",
      "integrity": "sha512-dkxf7+hn8mFBwKjs9bvBlArzLVxVbS8usaPUDd5p2a9JCL9tB8OaOVN1isD4+Xyk4ns89/xeOmbQvgdK7IIVdA==",
      "dependencies": {
        "regenerator-runtime": "^0.14.0"
      },
      "engines": {
        "node": ">=6.9.0"
      }
    },
    "node_modules/automation-events": {
      "version": "7.0.3",
      "resolved": "https://registry.npmjs.org/automation-events/-/automation-events-7.0.3.tgz",
      "integrity": "sha512-5JhQDPpXvJLGgrDmr3xU9PX0ZxeJLZ1xJVkGmmRXkXNS/J9TSazLn/gu1s02qLI68RR40JpW6Uok9eaKtu4wBQ==",
      "dependencies": {
        "@babel/runtime": "^7.24.1",
        "tslib": "^2.6.2"
      },
      "engines": {
        "node": ">=18.2.0"
      }
    },
    "node_modules/regenerator-runtime": {
      "version": "0.14.1",
      "resolved": "https://registry.npmjs.org/regenerator-runtime/-/regenerator-runtime-0.14.1.tgz",
      "integrity": "sha512-dYnhHh0nJoMfnkZs6GmmhFknAGRrLznOu5nc9ML+EJxGvrx6H7teuevqVqCuPcPK//3eDrrjQhehXVx9cnkGdw=="
    },
    "node_modules/standardized-audio-context": {
      "version": "25.3.68",
      "resolved": "https://registry.npmjs.org/standardized-audio-context/-/standardized-audio-context-25.3.68.tgz",
      "integrity": "sha512-XxVOFwlnU3Rq7mfTpxRhuwgDf00HmG4GzpSRQcMwgoXLa+k/9n8HT9dpsLZt0A1YH+hO/kLxaBMOIv5fKV/Gcg==",
      "dependencies": {
        "@babel/runtime": "^7.24.1",
        "automation-events": "^7.0.3",
        "tslib": "^2.6.2"
      }
    },
    "node_modules/tone": {
      "version": "14.7.77",
      "resolved": "https://registry.npmjs.org/tone/-/tone-14.7.77.tgz",
      "integrity": "sha512-tCfK73IkLHyzoKUvGq47gyDyxiKLFvKiVCOobynGgBB9Dl0NkxTM2p+eRJXyCYrjJwy9Y0XCMqD3uOYsYt2Fdg==",
      "dependencies": {
        "standardized-audio-context": "^25.1.8",
        "tslib": "^2.0.1"
      }
    },
    "node_modules/tslib": {
      "version": "2.6.2",
      "resolved": "https://registry.npmjs.org/tslib/-/tslib-2.6.2.tgz",
      "integrity": "sha512-AEYxH93jGFPn/a2iVAwW87VuUIkR1FVUKB77NwMF7nBTDkDrrT/Hpt/IrCJ0QXhW27jTBDcf5ZY7w6RiqTMw2Q=="
    },
    "node_modules/vexflow": {
      "version": "4.2.3",
      "resolved": "https://registry.npmjs.org/vexflow/-/vexflow-4.2.3.tgz",
      "integrity": "sha512-YiwYhZYuXPKqPfvvIC0QRYS3xnInDjeAxJeAZsQ+njTEE3q10sZMfo7RRGXj40rg7n74AFWdTiN3FymW8qE1Jw=="
    }
  }
}
